
Microsoft Visual Studio Solution File, Format Version 12.00
# Visual Studio Version 17
VisualStudioVersion = 17.11.35431.28
MinimumVisualStudioVersion = 10.0.40219.1
Project("{8BC9CEB8-8B4A-11D0-8D11-00A0C91BC942}") = "Engine", "Engine\Engine.vcxproj", "{A5B4BA25-A892-498E-A48A-C58D0D95A7F3}"
EndProject
Project("{8BC9CEB8-8B4A-11D0-8D11-00A0C91BC942}") = "Client", "Client\Client.vcxproj", "{507AB380-C738-4474-AA6B-481641243F0D}"
EndProject
Project("{8BC9CEB8-8B4A-11D0-8D11-00A0C91BC942}") = "AssetParser", "AssetParser\AssetParser.vcxproj", "{28CF1FB7-C625-4124-B3E3-2CC50569EB4E}"
EndProject
Global
	GlobalSection(SolutionConfigurationPlatforms) = preSolution
		Debug|x64 = Debug|x64
		Debug|x86 = Debug|x86
		Release|x64 = Release|x64
		Release|x86 = Release|x86
	EndGlobalSection
	GlobalSection(ProjectConfigurationPlatforms) = postSolution
		{A5B4BA25-A892-498E-A48A-C58D0D95A7F3}.Debug|x64.ActiveCfg = Debug|x64
		{A5B4BA25-A892-498E-A48A-C58D0D95A7F3}.Debug|x64.Build.0 = Debug|x64
		{A5B4BA25-A892-498E-A48A-C58D0D95A7F3}.Debug|x86.ActiveCfg = Debug|Win32
		{A5B4BA25-A892-498E-A48A-C58D0D95A7F3}.Debug|x86.Build.0 = Debug|Win32
		{A5B4BA25-A892-498E-A48A-C58D0D95A7F3}.Release|x64.ActiveCfg = Release|x64
		{A5B4BA25-A892-498E-A48A-C58D0D95A7F3}.Release|x64.Build.0 = Release|x64
		{A5B4BA25-A892-498E-A48A-C58D0D95A7F3}.Release|x86.ActiveCfg = Release|Win32
		{A5B4BA25-A892-498E-A48A-C58D0D95A7F3}.Release|x86.Build.0 = Release|Win32
		{507AB380-C738-4474-AA6B-481641243F0D}.Debug|x64.ActiveCfg = Debug|x64
		{507AB380-C738-4474-AA6B-481641243F0D}.Debug|x64.Build.0 = Debug|x64
		{507AB380-C738-4474-AA6B-481641243F0D}.Debug|x86.ActiveCfg = Debug|Win32
		{507AB380-C738-4474-AA6B-481641243F0D}.Debug|x86.Build.0 = Debug|Win32
		{507AB380-C738-4474-AA6B-481641243F0D}.Release|x64.ActiveCfg = Release|x64
		{507AB380-C738-4474-AA6B-481641243F0D}.Release|x64.Build.0 = Release|x64
		{507AB380-C738-4474-AA6B-481641243F0D}.Release|x86.ActiveCfg = Release|Win32
		{507AB380-C738-4474-AA6B-481641243F0D}.Release|x86.Build.0 = Release|Win32
		{28CF1FB7-C625-4124-B3E3-2CC50569EB4E}.Debug|x64.ActiveCfg = Debug|x64
		{28CF1FB7-C625-4124-B3E3-2CC50569EB4E}.Debug|x64.Build.0 = Debug|x64
		{28CF1FB7-C625-4124-B3E3-2CC50569EB4E}.Debug|x86.ActiveCfg = Debug|Win32
		{28CF1FB7-C625-4124-B3E3-2CC50569EB4E}.Debug|x86.Build.0 = Debug|Win32
		{28CF1FB7-C625-4124-B3E3-2CC50569EB4E}.Release|x64.ActiveCfg = Release|x64
		{28CF1FB7-C625-4124-B3E3-2CC50569EB4E}.Release|x64.Build.0 = Release|x64
		{28CF1FB7-C625-4124-B3E3-2CC50569EB4E}.Release|x86.ActiveCfg = Release|Win32
		{28CF1FB7-C625-4124-B3E3-2CC50569EB4E}.Release|x86.Build.0 = Release|Win32
	EndGlobalSection
	GlobalSection(SolutionProperties) = preSolution
		HideSolutionNode = FALSE
	EndGlobalSection
	GlobalSection(ExtensibilityGlobals) = postSolution
		SolutionGuid = {78672C3B-6346-485A-BBCD-9969AEE90615}
	EndGlobalSection
EndGlobal
