<?xml version="1.0" encoding="utf-8"?>
<Project ToolsVersion="4.0" xmlns="http://schemas.microsoft.com/developer/msbuild/2003">
  <ItemGroup>
    <ClInclude Include="Types.h">
      <Filter>Defines</Filter>
    </ClInclude>
    <ClInclude Include="Game.h">
      <Filter>00. Core</Filter>
    </ClInclude>
    <ClInclude Include="pch.h" />
    <ClInclude Include="IExecute.h">
      <Filter>Interfaces</Filter>
    </ClInclude>
  </ItemGroup>
  <ItemGroup>
    <Filter Include="00. Core">
      <UniqueIdentifier>{e3f179bb-c9ad-466d-99f0-0b96dfee19eb}</UniqueIdentifier>
    </Filter>
    <Filter Include="Defines">
      <UniqueIdentifier>{c33a9b82-f224-40b4-a39a-fae9bcd89d17}</UniqueIdentifier>
    </Filter>
    <Filter Include="Interfaces">
      <UniqueIdentifier>{1dad3b72-7d91-4855-92cb-18c7b6020180}</UniqueIdentifier>
    </Filter>
  </ItemGroup>
  <ItemGroup>
    <ClCompile Include="Game.cpp">
      <Filter>00. Core</Filter>
    </ClCompile>
    <ClCompile Include="pch.cpp" />
    <ClCompile Include="IExecute.cpp">
      <Filter>Interfaces</Filter>
    </ClCompile>
  </ItemGroup>
</Project>