<?xml version="1.0" encoding="utf-8"?>
<Project ToolsVersion="4.0" xmlns="http://schemas.microsoft.com/developer/msbuild/2003">
  <ItemGroup>
    <ClInclude Include="Types.h">
      <Filter>Defines</Filter>
    </ClInclude>
    <ClInclude Include="GameApplication.h">
      <Filter>00. Core</Filter>
    </ClInclude>
    <ClInclude Include="pch.h" />
    <ClInclude Include="IExecute.h">
      <Filter>Interfaces</Filter>
    </ClInclude>
    <ClInclude Include="MathHelper.h">
      <Filter>Utils</Filter>
    </ClInclude>
    <ClInclude Include="FrameResource.h">
      <Filter>01. EngineComponents</Filter>
    </ClInclude>
    <ClInclude Include="UniversalUtils.h">
      <Filter>Utils</Filter>
    </ClInclude>
    <ClInclude Include="Defines.h">
      <Filter>Defines</Filter>
    </ClInclude>
    <ClInclude Include="Graphic.h">
      <Filter>00. Core</Filter>
    </ClInclude>
    <ClInclude Include="Descriptors.h">
      <Filter>Defines</Filter>
    </ClInclude>
    <ClInclude Include="UploadBuffer.h">
      <Filter>01. EngineComponents</Filter>
    </ClInclude>
    <ClInclude Include="GameTimer.h">
      <Filter>00. Core</Filter>
    </ClInclude>
    <ClInclude Include="DXUtil.h">
      <Filter>Utils</Filter>
    </ClInclude>
    <ClInclude Include="Geometry.h">
      <Filter>02. GameObject\Components</Filter>
    </ClInclude>
    <ClInclude Include="Vertex.h">
      <Filter>Defines</Filter>
    </ClInclude>
    <ClInclude Include="GameObject.h">
      <Filter>02. GameObject</Filter>
    </ClInclude>
  </ItemGroup>
  <ItemGroup>
    <Filter Include="00. Core">
      <UniqueIdentifier>{e3f179bb-c9ad-466d-99f0-0b96dfee19eb}</UniqueIdentifier>
    </Filter>
    <Filter Include="Defines">
      <UniqueIdentifier>{c33a9b82-f224-40b4-a39a-fae9bcd89d17}</UniqueIdentifier>
    </Filter>
    <Filter Include="Interfaces">
      <UniqueIdentifier>{1dad3b72-7d91-4855-92cb-18c7b6020180}</UniqueIdentifier>
    </Filter>
    <Filter Include="Utils">
      <UniqueIdentifier>{0dee92db-b9d9-49dd-be92-48b8841cebbc}</UniqueIdentifier>
    </Filter>
    <Filter Include="02. GameObject">
      <UniqueIdentifier>{c45e393e-2bc7-4ba4-842f-48371a4ee789}</UniqueIdentifier>
    </Filter>
    <Filter Include="02. GameObject\Components">
      <UniqueIdentifier>{3f209c1b-a4f3-4890-a26f-d65bfbae8c6c}</UniqueIdentifier>
    </Filter>
    <Filter Include="01. EngineComponents">
      <UniqueIdentifier>{5b08aaa2-9c22-448b-acc4-74f446072b4d}</UniqueIdentifier>
    </Filter>
  </ItemGroup>
  <ItemGroup>
    <ClCompile Include="GameApplication.cpp">
      <Filter>00. Core</Filter>
    </ClCompile>
    <ClCompile Include="pch.cpp" />
    <ClCompile Include="IExecute.cpp">
      <Filter>Interfaces</Filter>
    </ClCompile>
    <ClCompile Include="MathHelper.cpp">
      <Filter>Utils</Filter>
    </ClCompile>
    <ClCompile Include="FrameResource.cpp">
      <Filter>01. EngineComponents</Filter>
    </ClCompile>
    <ClCompile Include="UniversalUtils.cpp">
      <Filter>Utils</Filter>
    </ClCompile>
    <ClCompile Include="Graphic.cpp">
      <Filter>00. Core</Filter>
    </ClCompile>
    <ClCompile Include="GameTimer.cpp">
      <Filter>00. Core</Filter>
    </ClCompile>
    <ClCompile Include="DXUtil.cpp">
      <Filter>Utils</Filter>
    </ClCompile>
    <ClCompile Include="Geometry.cpp">
      <Filter>02. GameObject\Components</Filter>
    </ClCompile>
    <ClCompile Include="GameObject.cpp">
      <Filter>02. GameObject</Filter>
    </ClCompile>
  </ItemGroup>
</Project>